// !$*UTF8*$!
{
	archiveVersion = 1;
	classes = {
	};
	objectVersion = 55;
	objects = {

/* Begin PBXBuildFile section */
		F381EC2E21EBC214E76028EC /* Pods_Calorie_Map.framework in Frameworks */ = {isa = PBXBuildFile; fileRef = A876EB147A84E9A1821D5CE9 /* Pods_Calorie_Map.framework */; };
		F880E8BB27DB0B7300884B87 /* AppDelegate.swift in Sources */ = {isa = PBXBuildFile; fileRef = F880E8BA27DB0B7300884B87 /* AppDelegate.swift */; };
		F880E8BD27DB0B7300884B87 /* SceneDelegate.swift in Sources */ = {isa = PBXBuildFile; fileRef = F880E8BC27DB0B7300884B87 /* SceneDelegate.swift */; };
		F880E8BF27DB0B7300884B87 /* ViewController.swift in Sources */ = {isa = PBXBuildFile; fileRef = F880E8BE27DB0B7300884B87 /* ViewController.swift */; };
		F880E8C227DB0B7300884B87 /* Main.storyboard in Resources */ = {isa = PBXBuildFile; fileRef = F880E8C027DB0B7300884B87 /* Main.storyboard */; };
		F880E8C427DB0B7400884B87 /* Assets.xcassets in Resources */ = {isa = PBXBuildFile; fileRef = F880E8C327DB0B7400884B87 /* Assets.xcassets */; };
		F880E8C727DB0B7400884B87 /* LaunchScreen.storyboard in Resources */ = {isa = PBXBuildFile; fileRef = F880E8C527DB0B7400884B87 /* LaunchScreen.storyboard */; };
		F880E8CF2804ABC600884B87 /* ResultsViewController.swift in Sources */ = {isa = PBXBuildFile; fileRef = F880E8CE2804ABC600884B87 /* ResultsViewController.swift */; };
		F880E8D62805F3FE00884B87 /* LocationManager.swift in Sources */ = {isa = PBXBuildFile; fileRef = F880E8D52805F3FE00884B87 /* LocationManager.swift */; };
		F880E8D82805F57000884B87 /* SearchViewController.swift in Sources */ = {isa = PBXBuildFile; fileRef = F880E8D72805F57000884B87 /* SearchViewController.swift */; };
		F880E8DC28067BDB00884B87 /* Extensions.swift in Sources */ = {isa = PBXBuildFile; fileRef = F880E8DB28067BDB00884B87 /* Extensions.swift */; };
		F880E8DE28067E2A00884B87 /* LocationRequestController.swift in Sources */ = {isa = PBXBuildFile; fileRef = F880E8DD28067E2A00884B87 /* LocationRequestController.swift */; };
/* End PBXBuildFile section */

/* Begin PBXFileReference section */
		8641BE74E127E7F062F613C7 /* Pods-Calorie-Map.release.xcconfig */ = {isa = PBXFileReference; includeInIndex = 1; lastKnownFileType = text.xcconfig; name = "Pods-Calorie-Map.release.xcconfig"; path = "Target Support Files/Pods-Calorie-Map/Pods-Calorie-Map.release.xcconfig"; sourceTree = "<group>"; };
		A876EB147A84E9A1821D5CE9 /* Pods_Calorie_Map.framework */ = {isa = PBXFileReference; explicitFileType = wrapper.framework; includeInIndex = 0; path = Pods_Calorie_Map.framework; sourceTree = BUILT_PRODUCTS_DIR; };
		CA22E1F96390667EB4526D9B /* Pods-Calorie-Map.debug.xcconfig */ = {isa = PBXFileReference; includeInIndex = 1; lastKnownFileType = text.xcconfig; name = "Pods-Calorie-Map.debug.xcconfig"; path = "Target Support Files/Pods-Calorie-Map/Pods-Calorie-Map.debug.xcconfig"; sourceTree = "<group>"; };
		F880E8B727DB0B7300884B87 /* Calorie-Map.app */ = {isa = PBXFileReference; explicitFileType = wrapper.application; includeInIndex = 0; path = "Calorie-Map.app"; sourceTree = BUILT_PRODUCTS_DIR; };
		F880E8BA27DB0B7300884B87 /* AppDelegate.swift */ = {isa = PBXFileReference; lastKnownFileType = sourcecode.swift; path = AppDelegate.swift; sourceTree = "<group>"; };
		F880E8BC27DB0B7300884B87 /* SceneDelegate.swift */ = {isa = PBXFileReference; lastKnownFileType = sourcecode.swift; path = SceneDelegate.swift; sourceTree = "<group>"; };
		F880E8BE27DB0B7300884B87 /* ViewController.swift */ = {isa = PBXFileReference; lastKnownFileType = sourcecode.swift; path = ViewController.swift; sourceTree = "<group>"; };
		F880E8C127DB0B7300884B87 /* Base */ = {isa = PBXFileReference; lastKnownFileType = file.storyboard; name = Base; path = Base.lproj/Main.storyboard; sourceTree = "<group>"; };
		F880E8C327DB0B7400884B87 /* Assets.xcassets */ = {isa = PBXFileReference; lastKnownFileType = folder.assetcatalog; path = Assets.xcassets; sourceTree = "<group>"; };
		F880E8C627DB0B7400884B87 /* Base */ = {isa = PBXFileReference; lastKnownFileType = file.storyboard; name = Base; path = Base.lproj/LaunchScreen.storyboard; sourceTree = "<group>"; };
		F880E8C827DB0B7400884B87 /* Info.plist */ = {isa = PBXFileReference; lastKnownFileType = text.plist.xml; path = Info.plist; sourceTree = "<group>"; };
		F880E8CE2804ABC600884B87 /* ResultsViewController.swift */ = {isa = PBXFileReference; lastKnownFileType = sourcecode.swift; path = ResultsViewController.swift; sourceTree = "<group>"; };
		F880E8D52805F3FE00884B87 /* LocationManager.swift */ = {isa = PBXFileReference; lastKnownFileType = sourcecode.swift; path = LocationManager.swift; sourceTree = "<group>"; };
		F880E8D72805F57000884B87 /* SearchViewController.swift */ = {isa = PBXFileReference; lastKnownFileType = sourcecode.swift; path = SearchViewController.swift; sourceTree = "<group>"; };
		F880E8DB28067BDB00884B87 /* Extensions.swift */ = {isa = PBXFileReference; lastKnownFileType = sourcecode.swift; path = Extensions.swift; sourceTree = "<group>"; };
		F880E8DD28067E2A00884B87 /* LocationRequestController.swift */ = {isa = PBXFileReference; lastKnownFileType = sourcecode.swift; path = LocationRequestController.swift; sourceTree = "<group>"; };
/* End PBXFileReference section */

/* Begin PBXFrameworksBuildPhase section */
		F880E8B427DB0B7300884B87 /* Frameworks */ = {
			isa = PBXFrameworksBuildPhase;
			buildActionMask = 2147483647;
			files = (
				F381EC2E21EBC214E76028EC /* Pods_Calorie_Map.framework in Frameworks */,
			);
			runOnlyForDeploymentPostprocessing = 0;
		};
/* End PBXFrameworksBuildPhase section */

/* Begin PBXGroup section */
		446192F473ECC7F15F4B135A /* Frameworks */ = {
			isa = PBXGroup;
			children = (
				A876EB147A84E9A1821D5CE9 /* Pods_Calorie_Map.framework */,
			);
			name = Frameworks;
			sourceTree = "<group>";
		};
		70C2C0884388F359DD59E45D /* Pods */ = {
			isa = PBXGroup;
			children = (
				CA22E1F96390667EB4526D9B /* Pods-Calorie-Map.debug.xcconfig */,
				8641BE74E127E7F062F613C7 /* Pods-Calorie-Map.release.xcconfig */,
			);
			path = Pods;
			sourceTree = "<group>";
		};
		F880E8AE27DB0B7300884B87 = {
			isa = PBXGroup;
			children = (
				F880E8B927DB0B7300884B87 /* Calorie-Map */,
				F880E8B827DB0B7300884B87 /* Products */,
				70C2C0884388F359DD59E45D /* Pods */,
				446192F473ECC7F15F4B135A /* Frameworks */,
			);
			sourceTree = "<group>";
		};
		F880E8B827DB0B7300884B87 /* Products */ = {
			isa = PBXGroup;
			children = (
				F880E8B727DB0B7300884B87 /* Calorie-Map.app */,
			);
			name = Products;
			sourceTree = "<group>";
		};
		F880E8B927DB0B7300884B87 /* Calorie-Map */ = {
			isa = PBXGroup;
			children = (
				F880E8E1280748FE00884B87 /* Utils */,
				F880E8E0280748FD00884B87 /* View */,
				F880E8DF280748F500884B87 /* Controller */,
				F880E8BA27DB0B7300884B87 /* AppDelegate.swift */,
				F880E8BC27DB0B7300884B87 /* SceneDelegate.swift */,
				F880E8D52805F3FE00884B87 /* LocationManager.swift */,
				F880E8D72805F57000884B87 /* SearchViewController.swift */,
				F880E8C027DB0B7300884B87 /* Main.storyboard */,
				F880E8C327DB0B7400884B87 /* Assets.xcassets */,
				F880E8C527DB0B7400884B87 /* LaunchScreen.storyboard */,
				F880E8C827DB0B7400884B87 /* Info.plist */,
				F880E8CE2804ABC600884B87 /* ResultsViewController.swift */,
			);
			path = "Calorie-Map";
			sourceTree = "<group>";
		};
		F880E8DF280748F500884B87 /* Controller */ = {
			isa = PBXGroup;
			children = (
				F880E8BE27DB0B7300884B87 /* ViewController.swift */,
				F880E8DD28067E2A00884B87 /* LocationRequestController.swift */,
			);
			path = Controller;
			sourceTree = "<group>";
		};
		F880E8E0280748FD00884B87 /* View */ = {
			isa = PBXGroup;
			children = (
			);
			path = View;
			sourceTree = "<group>";
		};
		F880E8E1280748FE00884B87 /* Utils */ = {
			isa = PBXGroup;
			children = (
				F880E8DB28067BDB00884B87 /* Extensions.swift */,
			);
			name = Utils;
			path = "New Group1/Utils";
			sourceTree = "<group>";
		};
/* End PBXGroup section */

/* Begin PBXNativeTarget section */
		F880E8B627DB0B7300884B87 /* Calorie-Map */ = {
			isa = PBXNativeTarget;
			buildConfigurationList = F880E8CB27DB0B7400884B87 /* Build configuration list for PBXNativeTarget "Calorie-Map" */;
			buildPhases = (
				2B228D074E83D57CD3886AF0 /* [CP] Check Pods Manifest.lock */,
				F880E8B327DB0B7300884B87 /* Sources */,
				F880E8B427DB0B7300884B87 /* Frameworks */,
				F880E8B527DB0B7300884B87 /* Resources */,
				3810F00746D5E436B9E06018 /* [CP] Embed Pods Frameworks */,
			);
			buildRules = (
			);
			dependencies = (
			);
			name = "Calorie-Map";
			productName = "Calorie-Map";
			productReference = F880E8B727DB0B7300884B87 /* Calorie-Map.app */;
			productType = "com.apple.product-type.application";
		};
/* End PBXNativeTarget section */

/* Begin PBXProject section */
		F880E8AF27DB0B7300884B87 /* Project object */ = {
			isa = PBXProject;
			attributes = {
				BuildIndependentTargetsInParallel = 1;
				LastSwiftUpdateCheck = 1320;
				LastUpgradeCheck = 1320;
				TargetAttributes = {
					F880E8B627DB0B7300884B87 = {
						CreatedOnToolsVersion = 13.2.1;
					};
				};
			};
			buildConfigurationList = F880E8B227DB0B7300884B87 /* Build configuration list for PBXProject "Calorie-Map" */;
			compatibilityVersion = "Xcode 13.0";
			developmentRegion = en;
			hasScannedForEncodings = 0;
			knownRegions = (
				en,
				Base,
			);
			mainGroup = F880E8AE27DB0B7300884B87;
			productRefGroup = F880E8B827DB0B7300884B87 /* Products */;
			projectDirPath = "";
			projectRoot = "";
			targets = (
				F880E8B627DB0B7300884B87 /* Calorie-Map */,
			);
		};
/* End PBXProject section */

/* Begin PBXResourcesBuildPhase section */
		F880E8B527DB0B7300884B87 /* Resources */ = {
			isa = PBXResourcesBuildPhase;
			buildActionMask = 2147483647;
			files = (
				F880E8C727DB0B7400884B87 /* LaunchScreen.storyboard in Resources */,
				F880E8C427DB0B7400884B87 /* Assets.xcassets in Resources */,
				F880E8C227DB0B7300884B87 /* Main.storyboard in Resources */,
			);
			runOnlyForDeploymentPostprocessing = 0;
		};
/* End PBXResourcesBuildPhase section */

/* Begin PBXShellScriptBuildPhase section */
		2B228D074E83D57CD3886AF0 /* [CP] Check Pods Manifest.lock */ = {
			isa = PBXShellScriptBuildPhase;
			buildActionMask = 2147483647;
			files = (
			);
			inputFileListPaths = (
			);
			inputPaths = (
				"${PODS_PODFILE_DIR_PATH}/Podfile.lock",
				"${PODS_ROOT}/Manifest.lock",
			);
			name = "[CP] Check Pods Manifest.lock";
			outputFileListPaths = (
			);
			outputPaths = (
				"$(DERIVED_FILE_DIR)/Pods-Calorie-Map-checkManifestLockResult.txt",
			);
			runOnlyForDeploymentPostprocessing = 0;
			shellPath = /bin/sh;
			shellScript = "diff \"${PODS_PODFILE_DIR_PATH}/Podfile.lock\" \"${PODS_ROOT}/Manifest.lock\" > /dev/null\nif [ $? != 0 ] ; then\n    # print error to STDERR\n    echo \"error: The sandbox is not in sync with the Podfile.lock. Run 'pod install' or update your CocoaPods installation.\" >&2\n    exit 1\nfi\n# This output is used by Xcode 'outputs' to avoid re-running this script phase.\necho \"SUCCESS\" > \"${SCRIPT_OUTPUT_FILE_0}\"\n";
			showEnvVarsInLog = 0;
		};
		3810F00746D5E436B9E06018 /* [CP] Embed Pods Frameworks */ = {
			isa = PBXShellScriptBuildPhase;
			buildActionMask = 2147483647;
			files = (
			);
			inputFileListPaths = (
				"${PODS_ROOT}/Target Support Files/Pods-Calorie-Map/Pods-Calorie-Map-frameworks-${CONFIGURATION}-input-files.xcfilelist",
			);
			name = "[CP] Embed Pods Frameworks";
			outputFileListPaths = (
				"${PODS_ROOT}/Target Support Files/Pods-Calorie-Map/Pods-Calorie-Map-frameworks-${CONFIGURATION}-output-files.xcfilelist",
			);
			runOnlyForDeploymentPostprocessing = 0;
			shellPath = /bin/sh;
			shellScript = "\"${PODS_ROOT}/Target Support Files/Pods-Calorie-Map/Pods-Calorie-Map-frameworks.sh\"\n";
			showEnvVarsInLog = 0;
		};
/* End PBXShellScriptBuildPhase section */

/* Begin PBXSourcesBuildPhase section */
		F880E8B327DB0B7300884B87 /* Sources */ = {
			isa = PBXSourcesBuildPhase;
			buildActionMask = 2147483647;
			files = (
				F880E8DE28067E2A00884B87 /* LocationRequestController.swift in Sources */,
				F880E8D82805F57000884B87 /* SearchViewController.swift in Sources */,
				F880E8BF27DB0B7300884B87 /* ViewController.swift in Sources */,
				F880E8BB27DB0B7300884B87 /* AppDelegate.swift in Sources */,
				F880E8D62805F3FE00884B87 /* LocationManager.swift in Sources */,
				F880E8BD27DB0B7300884B87 /* SceneDelegate.swift in Sources */,
				F880E8CF2804ABC600884B87 /* ResultsViewController.swift in Sources */,
				F880E8DC28067BDB00884B87 /* Extensions.swift in Sources */,
			);
			runOnlyForDeploymentPostprocessing = 0;
		};
/* End PBXSourcesBuildPhase section */

/* Begin PBXVariantGroup section */
		F880E8C027DB0B7300884B87 /* Main.storyboard */ = {
			isa = PBXVariantGroup;
			children = (
				F880E8C127DB0B7300884B87 /* Base */,
			);
			name = Main.storyboard;
			sourceTree = "<group>";
		};
		F880E8C527DB0B7400884B87 /* LaunchScreen.storyboard */ = {
			isa = PBXVariantGroup;
			children = (
				F880E8C627DB0B7400884B87 /* Base */,
			);
			name = LaunchScreen.storyboard;
			sourceTree = "<group>";
		};
/* End PBXVariantGroup section */

/* Begin XCBuildConfiguration section */
		F880E8C927DB0B7400884B87 /* Debug */ = {
			isa = XCBuildConfiguration;
			buildSettings = {
				ALWAYS_SEARCH_USER_PATHS = NO;
				CLANG_ANALYZER_NONNULL = YES;
				CLANG_ANALYZER_NUMBER_OBJECT_CONVERSION = YES_AGGRESSIVE;
				CLANG_CXX_LANGUAGE_STANDARD = "gnu++17";
				CLANG_CXX_LIBRARY = "libc++";
				CLANG_ENABLE_MODULES = YES;
				CLANG_ENABLE_OBJC_ARC = YES;
				CLANG_ENABLE_OBJC_WEAK = YES;
				CLANG_WARN_BLOCK_CAPTURE_AUTORELEASING = YES;
				CLANG_WARN_BOOL_CONVERSION = YES;
				CLANG_WARN_COMMA = YES;
				CLANG_WARN_CONSTANT_CONVERSION = YES;
				CLANG_WARN_DEPRECATED_OBJC_IMPLEMENTATIONS = YES;
				CLANG_WARN_DIRECT_OBJC_ISA_USAGE = YES_ERROR;
				CLANG_WARN_DOCUMENTATION_COMMENTS = YES;
				CLANG_WARN_EMPTY_BODY = YES;
				CLANG_WARN_ENUM_CONVERSION = YES;
				CLANG_WARN_INFINITE_RECURSION = YES;
				CLANG_WARN_INT_CONVERSION = YES;
				CLANG_WARN_NON_LITERAL_NULL_CONVERSION = YES;
				CLANG_WARN_OBJC_IMPLICIT_RETAIN_SELF = YES;
				CLANG_WARN_OBJC_LITERAL_CONVERSION = YES;
				CLANG_WARN_OBJC_ROOT_CLASS = YES_ERROR;
				CLANG_WARN_QUOTED_INCLUDE_IN_FRAMEWORK_HEADER = YES;
				CLANG_WARN_RANGE_LOOP_ANALYSIS = YES;
				CLANG_WARN_STRICT_PROTOTYPES = YES;
				CLANG_WARN_SUSPICIOUS_MOVE = YES;
				CLANG_WARN_UNGUARDED_AVAILABILITY = YES_AGGRESSIVE;
				CLANG_WARN_UNREACHABLE_CODE = YES;
				CLANG_WARN__DUPLICATE_METHOD_MATCH = YES;
				COPY_PHASE_STRIP = NO;
				DEBUG_INFORMATION_FORMAT = dwarf;
				ENABLE_STRICT_OBJC_MSGSEND = YES;
				ENABLE_TESTABILITY = YES;
				GCC_C_LANGUAGE_STANDARD = gnu11;
				GCC_DYNAMIC_NO_PIC = NO;
				GCC_NO_COMMON_BLOCKS = YES;
				GCC_OPTIMIZATION_LEVEL = 0;
				GCC_PREPROCESSOR_DEFINITIONS = (
					"DEBUG=1",
					"$(inherited)",
				);
				GCC_WARN_64_TO_32_BIT_CONVERSION = YES;
				GCC_WARN_ABOUT_RETURN_TYPE = YES_ERROR;
				GCC_WARN_UNDECLARED_SELECTOR = YES;
				GCC_WARN_UNINITIALIZED_AUTOS = YES_AGGRESSIVE;
				GCC_WARN_UNUSED_FUNCTION = YES;
				GCC_WARN_UNUSED_VARIABLE = YES;
				IPHONEOS_DEPLOYMENT_TARGET = 15.2;
				MTL_ENABLE_DEBUG_INFO = INCLUDE_SOURCE;
				MTL_FAST_MATH = YES;
				ONLY_ACTIVE_ARCH = YES;
				SDKROOT = iphoneos;
				SWIFT_ACTIVE_COMPILATION_CONDITIONS = DEBUG;
				SWIFT_OPTIMIZATION_LEVEL = "-Onone";
			};
			name = Debug;
		};
		F880E8CA27DB0B7400884B87 /* Release */ = {
			isa = XCBuildConfiguration;
			buildSettings = {
				ALWAYS_SEARCH_USER_PATHS = NO;
				CLANG_ANALYZER_NONNULL = YES;
				CLANG_ANALYZER_NUMBER_OBJECT_CONVERSION = YES_AGGRESSIVE;
				CLANG_CXX_LANGUAGE_STANDARD = "gnu++17";
				CLANG_CXX_LIBRARY = "libc++";
				CLANG_ENABLE_MODULES = YES;
				CLANG_ENABLE_OBJC_ARC = YES;
				CLANG_ENABLE_OBJC_WEAK = YES;
				CLANG_WARN_BLOCK_CAPTURE_AUTORELEASING = YES;
				CLANG_WARN_BOOL_CONVERSION = YES;
				CLANG_WARN_COMMA = YES;
				CLANG_WARN_CONSTANT_CONVERSION = YES;
				CLANG_WARN_DEPRECATED_OBJC_IMPLEMENTATIONS = YES;
				CLANG_WARN_DIRECT_OBJC_ISA_USAGE = YES_ERROR;
				CLANG_WARN_DOCUMENTATION_COMMENTS = YES;
				CLANG_WARN_EMPTY_BODY = YES;
				CLANG_WARN_ENUM_CONVERSION = YES;
				CLANG_WARN_INFINITE_RECURSION = YES;
				CLANG_WARN_INT_CONVERSION = YES;
				CLANG_WARN_NON_LITERAL_NULL_CONVERSION = YES;
				CLANG_WARN_OBJC_IMPLICIT_RETAIN_SELF = YES;
				CLANG_WARN_OBJC_LITERAL_CONVERSION = YES;
				CLANG_WARN_OBJC_ROOT_CLASS = YES_ERROR;
				CLANG_WARN_QUOTED_INCLUDE_IN_FRAMEWORK_HEADER = YES;
				CLANG_WARN_RANGE_LOOP_ANALYSIS = YES;
				CLANG_WARN_STRICT_PROTOTYPES = YES;
				CLANG_WARN_SUSPICIOUS_MOVE = YES;
				CLANG_WARN_UNGUARDED_AVAILABILITY = YES_AGGRESSIVE;
				CLANG_WARN_UNREACHABLE_CODE = YES;
				CLANG_WARN__DUPLICATE_METHOD_MATCH = YES;
				COPY_PHASE_STRIP = NO;
				DEBUG_INFORMATION_FORMAT = "dwarf-with-dsym";
				ENABLE_NS_ASSERTIONS = NO;
				ENABLE_STRICT_OBJC_MSGSEND = YES;
				GCC_C_LANGUAGE_STANDARD = gnu11;
				GCC_NO_COMMON_BLOCKS = YES;
				GCC_WARN_64_TO_32_BIT_CONVERSION = YES;
				GCC_WARN_ABOUT_RETURN_TYPE = YES_ERROR;
				GCC_WARN_UNDECLARED_SELECTOR = YES;
				GCC_WARN_UNINITIALIZED_AUTOS = YES_AGGRESSIVE;
				GCC_WARN_UNUSED_FUNCTION = YES;
				GCC_WARN_UNUSED_VARIABLE = YES;
				IPHONEOS_DEPLOYMENT_TARGET = 15.2;
				MTL_ENABLE_DEBUG_INFO = NO;
				MTL_FAST_MATH = YES;
				SDKROOT = iphoneos;
				SWIFT_COMPILATION_MODE = wholemodule;
				SWIFT_OPTIMIZATION_LEVEL = "-O";
				VALIDATE_PRODUCT = YES;
			};
			name = Release;
		};
		F880E8CC27DB0B7400884B87 /* Debug */ = {
			isa = XCBuildConfiguration;
			baseConfigurationReference = CA22E1F96390667EB4526D9B /* Pods-Calorie-Map.debug.xcconfig */;
			buildSettings = {
				ASSETCATALOG_COMPILER_APPICON_NAME = AppIcon;
				ASSETCATALOG_COMPILER_GLOBAL_ACCENT_COLOR_NAME = AccentColor;
				CODE_SIGN_STYLE = Automatic;
				CURRENT_PROJECT_VERSION = 1;
				DEVELOPMENT_TEAM = 7D36JK4HSG;
				GENERATE_INFOPLIST_FILE = YES;
				INFOPLIST_FILE = "Calorie-Map/Info.plist";
				INFOPLIST_KEY_UIApplicationSupportsIndirectInputEvents = YES;
				INFOPLIST_KEY_UILaunchStoryboardName = LaunchScreen;
				INFOPLIST_KEY_UIMainStoryboardFile = Main;
				INFOPLIST_KEY_UISupportedInterfaceOrientations_iPad = "UIInterfaceOrientationPortrait UIInterfaceOrientationPortraitUpsideDown UIInterfaceOrientationLandscapeLeft UIInterfaceOrientationLandscapeRight";
				INFOPLIST_KEY_UISupportedInterfaceOrientations_iPhone = "UIInterfaceOrientationPortrait UIInterfaceOrientationLandscapeLeft UIInterfaceOrientationLandscapeRight";
				LD_RUNPATH_SEARCH_PATHS = (
					"$(inherited)",
					"@executable_path/Frameworks",
				);
				MARKETING_VERSION = 1.0;
				PRODUCT_BUNDLE_IDENTIFIER = "co.MichaelSatumba.Calorie-Map";
				PRODUCT_NAME = "$(TARGET_NAME)";
				SWIFT_EMIT_LOC_STRINGS = YES;
				SWIFT_VERSION = 5.0;
				TARGETED_DEVICE_FAMILY = "1,2";
			};
			name = Debug;
		};
		F880E8CD27DB0B7400884B87 /* Release */ = {
			isa = XCBuildConfiguration;
			baseConfigurationReference = 8641BE74E127E7F062F613C7 /* Pods-Calorie-Map.release.xcconfig */;
			buildSettings = {
				ASSETCATALOG_COMPILER_APPICON_NAME = AppIcon;
				ASSETCATALOG_COMPILER_GLOBAL_ACCENT_COLOR_NAME = AccentColor;
				CODE_SIGN_STYLE = Automatic;
				CURRENT_PROJECT_VERSION = 1;
				DEVELOPMENT_TEAM = 7D36JK4HSG;
				GENERATE_INFOPLIST_FILE = YES;
				INFOPLIST_FILE = "Calorie-Map/Info.plist";
				INFOPLIST_KEY_UIApplicationSupportsIndirectInputEvents = YES;
				INFOPLIST_KEY_UILaunchStoryboardName = LaunchScreen;
				INFOPLIST_KEY_UIMainStoryboardFile = Main;
				INFOPLIST_KEY_UISupportedInterfaceOrientations_iPad = "UIInterfaceOrientationPortrait UIInterfaceOrientationPortraitUpsideDown UIInterfaceOrientationLandscapeLeft UIInterfaceOrientationLandscapeRight";
				INFOPLIST_KEY_UISupportedInterfaceOrientations_iPhone = "UIInterfaceOrientationPortrait UIInterfaceOrientationLandscapeLeft UIInterfaceOrientationLandscapeRight";
				LD_RUNPATH_SEARCH_PATHS = (
					"$(inherited)",
					"@executable_path/Frameworks",
				);
				MARKETING_VERSION = 1.0;
				PRODUCT_BUNDLE_IDENTIFIER = "co.MichaelSatumba.Calorie-Map";
				PRODUCT_NAME = "$(TARGET_NAME)";
				SWIFT_EMIT_LOC_STRINGS = YES;
				SWIFT_VERSION = 5.0;
				TARGETED_DEVICE_FAMILY = "1,2";
			};
			name = Release;
		};
/* End XCBuildConfiguration section */

/* Begin XCConfigurationList section */
		F880E8B227DB0B7300884B87 /* Build configuration list for PBXProject "Calorie-Map" */ = {
			isa = XCConfigurationList;
			buildConfigurations = (
				F880E8C927DB0B7400884B87 /* Debug */,
				F880E8CA27DB0B7400884B87 /* Release */,
			);
			defaultConfigurationIsVisible = 0;
			defaultConfigurationName = Release;
		};
		F880E8CB27DB0B7400884B87 /* Build configuration list for PBXNativeTarget "Calorie-Map" */ = {
			isa = XCConfigurationList;
			buildConfigurations = (
				F880E8CC27DB0B7400884B87 /* Debug */,
				F880E8CD27DB0B7400884B87 /* Release */,
			);
			defaultConfigurationIsVisible = 0;
			defaultConfigurationName = Release;
		};
/* End XCConfigurationList section */
	};
	rootObject = F880E8AF27DB0B7300884B87 /* Project object */;
}
